
Microsoft Visual Studio Solution File, Format Version 12.00
# Visual Studio Version 16
VisualStudioVersion = 16.0.30611.23
MinimumVisualStudioVersion = 10.0.40219.1
Project("{FAE04EC0-301F-11D3-BF4B-00C04F79EFBC}") = "mvcPractice", "mvcPractice\mvcPractice.csproj", "{C0C2F52F-5EC4-4B6A-91EB-F271B0DF4B33}"
EndProject
Global
	GlobalSection(SolutionConfigurationPlatforms) = preSolution
		Debug|Any CPU = Debug|Any CPU
		Release|Any CPU = Release|Any CPU
	EndGlobalSection
	GlobalSection(ProjectConfigurationPlatforms) = postSolution
		{C0C2F52F-5EC4-4B6A-91EB-F271B0DF4B33}.Debug|Any CPU.ActiveCfg = Debug|Any CPU
		{C0C2F52F-5EC4-4B6A-91EB-F271B0DF4B33}.Debug|Any CPU.Build.0 = Debug|Any CPU
		{C0C2F52F-5EC4-4B6A-91EB-F271B0DF4B33}.Release|Any CPU.ActiveCfg = Release|Any CPU
		{C0C2F52F-5EC4-4B6A-91EB-F271B0DF4B33}.Release|Any CPU.Build.0 = Release|Any CPU
	EndGlobalSection
	GlobalSection(SolutionProperties) = preSolution
		HideSolutionNode = FALSE
	EndGlobalSection
	GlobalSection(ExtensibilityGlobals) = postSolution
		SolutionGuid = {39E9AD85-E74D-40B8-A254-1DFC2ADDF412}
	EndGlobalSection
EndGlobal
